
Microsoft Visual Studio Solution File, Format Version 12.00
# Visual Studio Version 17
VisualStudioVersion = 17.0.31903.59
MinimumVisualStudioVersion = 10.0.40219.1
Project("{FAE04EC0-301F-11D3-BF4B-00C04F79EFBC}") = "GenericsHomework", "GenericsHomework\GenericsHomework.csproj", "{011288BE-08CF-4BF9-BE52-8BD02D3EFCFC}"
EndProject
Project("{FAE04EC0-301F-11D3-BF4B-00C04F79EFBC}") = "NodeTests", "GenericsHomework.Tests\NodeTests.csproj", "{07B7CEE7-8656-461A-9877-910FE20071A8}"
EndProject
Global
	GlobalSection(SolutionConfigurationPlatforms) = preSolution
		Debug|Any CPU = Debug|Any CPU
		Release|Any CPU = Release|Any CPU
	EndGlobalSection
	GlobalSection(SolutionProperties) = preSolution
		HideSolutionNode = FALSE
	EndGlobalSection
	GlobalSection(ProjectConfigurationPlatforms) = postSolution
		{011288BE-08CF-4BF9-BE52-8BD02D3EFCFC}.Debug|Any CPU.ActiveCfg = Debug|Any CPU
		{011288BE-08CF-4BF9-BE52-8BD02D3EFCFC}.Debug|Any CPU.Build.0 = Debug|Any CPU
		{011288BE-08CF-4BF9-BE52-8BD02D3EFCFC}.Release|Any CPU.ActiveCfg = Release|Any CPU
		{011288BE-08CF-4BF9-BE52-8BD02D3EFCFC}.Release|Any CPU.Build.0 = Release|Any CPU
		{07B7CEE7-8656-461A-9877-910FE20071A8}.Debug|Any CPU.ActiveCfg = Debug|Any CPU
		{07B7CEE7-8656-461A-9877-910FE20071A8}.Debug|Any CPU.Build.0 = Debug|Any CPU
		{07B7CEE7-8656-461A-9877-910FE20071A8}.Release|Any CPU.ActiveCfg = Release|Any CPU
		{07B7CEE7-8656-461A-9877-910FE20071A8}.Release|Any CPU.Build.0 = Release|Any CPU
	EndGlobalSection
EndGlobal
